// !$*UTF8*$!
{
	archiveVersion = 1;
	classes = {
	};
	objectVersion = 77;
	objects = {

/* Begin PBXContainerItemProxy section */
		8462274D2E17EB7700AFAB43 /* PBXContainerItemProxy */ = {
			isa = PBXContainerItemProxy;
			containerPortal = 846227372E17EB7600AFAB43 /* Project object */;
			proxyType = 1;
			remoteGlobalIDString = 8462273E2E17EB7600AFAB43;
			remoteInfo = "Journal Replica";
		};
		846227572E17EB7700AFAB43 /* PBXContainerItemProxy */ = {
			isa = PBXContainerItemProxy;
			containerPortal = 846227372E17EB7600AFAB43 /* Project object */;
			proxyType = 1;
			remoteGlobalIDString = 8462273E2E17EB7600AFAB43;
			remoteInfo = "Journal Replica";
		};
/* End PBXContainerItemProxy section */

/* Begin PBXFileReference section */
		8462273F2E17EB7600AFAB43 /* Journal Replica.app */ = {isa = PBXFileReference; explicitFileType = wrapper.application; includeInIndex = 0; path = "Journal Replica.app"; sourceTree = BUILT_PRODUCTS_DIR; };
		8462274C2E17EB7700AFAB43 /* Journal ReplicaTests.xctest */ = {isa = PBXFileReference; explicitFileType = wrapper.cfbundle; includeInIndex = 0; path = "Journal ReplicaTests.xctest"; sourceTree = BUILT_PRODUCTS_DIR; };
		846227562E17EB7700AFAB43 /* Journal ReplicaUITests.xctest */ = {isa = PBXFileReference; explicitFileType = wrapper.cfbundle; includeInIndex = 0; path = "Journal ReplicaUITests.xctest"; sourceTree = BUILT_PRODUCTS_DIR; };
/* End PBXFileReference section */

/* Begin PBXFileSystemSynchronizedRootGroup section */
		846227412E17EB7600AFAB43 /* Journal Replica */ = {
			isa = PBXFileSystemSynchronizedRootGroup;
			path = "Journal Replica";
			sourceTree = "<group>";
		};
		8462274F2E17EB7700AFAB43 /* Journal ReplicaTests */ = {
			isa = PBXFileSystemSynchronizedRootGroup;
			path = "Journal ReplicaTests";
			sourceTree = "<group>";
		};
		846227592E17EB7700AFAB43 /* Journal ReplicaUITests */ = {
			isa = PBXFileSystemSynchronizedRootGroup;
			path = "Journal ReplicaUITests";
			sourceTree = "<group>";
		};
/* End PBXFileSystemSynchronizedRootGroup section */

/* Begin PBXFrameworksBuildPhase section */
		8462273C2E17EB7600AFAB43 /* Frameworks */ = {
			isa = PBXFrameworksBuildPhase;
			buildActionMask = 2147483647;
			files = (
			);
			runOnlyForDeploymentPostprocessing = 0;
		};
		846227492E17EB7700AFAB43 /* Frameworks */ = {
			isa = PBXFrameworksBuildPhase;
			buildActionMask = 2147483647;
			files = (
			);
			runOnlyForDeploymentPostprocessing = 0;
		};
		846227532E17EB7700AFAB43 /* Frameworks */ = {
			isa = PBXFrameworksBuildPhase;
			buildActionMask = 2147483647;
			files = (
			);
			runOnlyForDeploymentPostprocessing = 0;
		};
/* End PBXFrameworksBuildPhase section */

/* Begin PBXGroup section */
		846227362E17EB7600AFAB43 = {
			isa = PBXGroup;
			children = (
				846227412E17EB7600AFAB43 /* Journal Replica */,
				8462274F2E17EB7700AFAB43 /* Journal ReplicaTests */,
				846227592E17EB7700AFAB43 /* Journal ReplicaUITests */,
				846227402E17EB7600AFAB43 /* Products */,
			);
			sourceTree = "<group>";
		};
		846227402E17EB7600AFAB43 /* Products */ = {
			isa = PBXGroup;
			children = (
				8462273F2E17EB7600AFAB43 /* Journal Replica.app */,
				8462274C2E17EB7700AFAB43 /* Journal ReplicaTests.xctest */,
				846227562E17EB7700AFAB43 /* Journal ReplicaUITests.xctest */,
			);
			name = Products;
			sourceTree = "<group>";
		};
/* End PBXGroup section */

/* Begin PBXNativeTarget section */
		8462273E2E17EB7600AFAB43 /* Journal Replica */ = {
			isa = PBXNativeTarget;
			buildConfigurationList = 846227602E17EB7700AFAB43 /* Build configuration list for PBXNativeTarget "Journal Replica" */;
			buildPhases = (
				8462273B2E17EB7600AFAB43 /* Sources */,
				8462273C2E17EB7600AFAB43 /* Frameworks */,
				8462273D2E17EB7600AFAB43 /* Resources */,
			);
			buildRules = (
			);
			dependencies = (
			);
			fileSystemSynchronizedGroups = (
				846227412E17EB7600AFAB43 /* Journal Replica */,
			);
			name = "Journal Replica";
			packageProductDependencies = (
			);
			productName = "Journal Replica";
			productReference = 8462273F2E17EB7600AFAB43 /* Journal Replica.app */;
			productType = "com.apple.product-type.application";
		};
		8462274B2E17EB7700AFAB43 /* Journal ReplicaTests */ = {
			isa = PBXNativeTarget;
			buildConfigurationList = 846227632E17EB7700AFAB43 /* Build configuration list for PBXNativeTarget "Journal ReplicaTests" */;
			buildPhases = (
				846227482E17EB7700AFAB43 /* Sources */,
				846227492E17EB7700AFAB43 /* Frameworks */,
				8462274A2E17EB7700AFAB43 /* Resources */,
			);
			buildRules = (
			);
			dependencies = (
				8462274E2E17EB7700AFAB43 /* PBXTargetDependency */,
			);
			fileSystemSynchronizedGroups = (
				8462274F2E17EB7700AFAB43 /* Journal ReplicaTests */,
			);
			name = "Journal ReplicaTests";
			packageProductDependencies = (
			);
			productName = "Journal ReplicaTests";
			productReference = 8462274C2E17EB7700AFAB43 /* Journal ReplicaTests.xctest */;
			productType = "com.apple.product-type.bundle.unit-test";
		};
		846227552E17EB7700AFAB43 /* Journal ReplicaUITests */ = {
			isa = PBXNativeTarget;
			buildConfigurationList = 846227662E17EB7700AFAB43 /* Build configuration list for PBXNativeTarget "Journal ReplicaUITests" */;
			buildPhases = (
				846227522E17EB7700AFAB43 /* Sources */,
				846227532E17EB7700AFAB43 /* Frameworks */,
				846227542E17EB7700AFAB43 /* Resources */,
			);
			buildRules = (
			);
			dependencies = (
				846227582E17EB7700AFAB43 /* PBXTargetDependency */,
			);
			fileSystemSynchronizedGroups = (
				846227592E17EB7700AFAB43 /* Journal ReplicaUITests */,
			);
			name = "Journal ReplicaUITests";
			packageProductDependencies = (
			);
			productName = "Journal ReplicaUITests";
			productReference = 846227562E17EB7700AFAB43 /* Journal ReplicaUITests.xctest */;
			productType = "com.apple.product-type.bundle.ui-testing";
		};
/* End PBXNativeTarget section */

/* Begin PBXProject section */
		846227372E17EB7600AFAB43 /* Project object */ = {
			isa = PBXProject;
			attributes = {
				BuildIndependentTargetsInParallel = 1;
				LastSwiftUpdateCheck = 1640;
				LastUpgradeCheck = 1640;
				TargetAttributes = {
					8462273E2E17EB7600AFAB43 = {
						CreatedOnToolsVersion = 16.4;
					};
					8462274B2E17EB7700AFAB43 = {
						CreatedOnToolsVersion = 16.4;
						TestTargetID = 8462273E2E17EB7600AFAB43;
					};
					846227552E17EB7700AFAB43 = {
						CreatedOnToolsVersion = 16.4;
						TestTargetID = 8462273E2E17EB7600AFAB43;
					};
				};
			};
			buildConfigurationList = 8462273A2E17EB7600AFAB43 /* Build configuration list for PBXProject "Journal Replica" */;
			developmentRegion = en;
			hasScannedForEncodings = 0;
			knownRegions = (
				en,
				Base,
			);
			mainGroup = 846227362E17EB7600AFAB43;
			minimizedProjectReferenceProxies = 1;
			preferredProjectObjectVersion = 77;
			productRefGroup = 846227402E17EB7600AFAB43 /* Products */;
			projectDirPath = "";
			projectRoot = "";
			targets = (
				8462273E2E17EB7600AFAB43 /* Journal Replica */,
				8462274B2E17EB7700AFAB43 /* Journal ReplicaTests */,
				846227552E17EB7700AFAB43 /* Journal ReplicaUITests */,
			);
		};
/* End PBXProject section */

/* Begin PBXResourcesBuildPhase section */
		8462273D2E17EB7600AFAB43 /* Resources */ = {
			isa = PBXResourcesBuildPhase;
			buildActionMask = 2147483647;
			files = (
			);
			runOnlyForDeploymentPostprocessing = 0;
		};
		8462274A2E17EB7700AFAB43 /* Resources */ = {
			isa = PBXResourcesBuildPhase;
			buildActionMask = 2147483647;
			files = (
			);
			runOnlyForDeploymentPostprocessing = 0;
		};
		846227542E17EB7700AFAB43 /* Resources */ = {
			isa = PBXResourcesBuildPhase;
			buildActionMask = 2147483647;
			files = (
			);
			runOnlyForDeploymentPostprocessing = 0;
		};
/* End PBXResourcesBuildPhase section */

/* Begin PBXSourcesBuildPhase section */
		8462273B2E17EB7600AFAB43 /* Sources */ = {
			isa = PBXSourcesBuildPhase;
			buildActionMask = 2147483647;
			files = (
			);
			runOnlyForDeploymentPostprocessing = 0;
		};
		846227482E17EB7700AFAB43 /* Sources */ = {
			isa = PBXSourcesBuildPhase;
			buildActionMask = 2147483647;
			files = (
			);
			runOnlyForDeploymentPostprocessing = 0;
		};
		846227522E17EB7700AFAB43 /* Sources */ = {
			isa = PBXSourcesBuildPhase;
			buildActionMask = 2147483647;
			files = (
			);
			runOnlyForDeploymentPostprocessing = 0;
		};
/* End PBXSourcesBuildPhase section */

/* Begin PBXTargetDependency section */
		8462274E2E17EB7700AFAB43 /* PBXTargetDependency */ = {
			isa = PBXTargetDependency;
			target = 8462273E2E17EB7600AFAB43 /* Journal Replica */;
			targetProxy = 8462274D2E17EB7700AFAB43 /* PBXContainerItemProxy */;
		};
		846227582E17EB7700AFAB43 /* PBXTargetDependency */ = {
			isa = PBXTargetDependency;
			target = 8462273E2E17EB7600AFAB43 /* Journal Replica */;
			targetProxy = 846227572E17EB7700AFAB43 /* PBXContainerItemProxy */;
		};
/* End PBXTargetDependency section */

/* Begin XCBuildConfiguration section */
		8462275E2E17EB7700AFAB43 /* Debug */ = {
			isa = XCBuildConfiguration;
			buildSettings = {
				ALWAYS_SEARCH_USER_PATHS = NO;
				ASSETCATALOG_COMPILER_GENERATE_SWIFT_ASSET_SYMBOL_EXTENSIONS = YES;
				CLANG_ANALYZER_NONNULL = YES;
				CLANG_ANALYZER_NUMBER_OBJECT_CONVERSION = YES_AGGRESSIVE;
				CLANG_CXX_LANGUAGE_STANDARD = "gnu++20";
				CLANG_ENABLE_MODULES = YES;
				CLANG_ENABLE_OBJC_ARC = YES;
				CLANG_ENABLE_OBJC_WEAK = YES;
				CLANG_WARN_BLOCK_CAPTURE_AUTORELEASING = YES;
				CLANG_WARN_BOOL_CONVERSION = YES;
				CLANG_WARN_COMMA = YES;
				CLANG_WARN_CONSTANT_CONVERSION = YES;
				CLANG_WARN_DEPRECATED_OBJC_IMPLEMENTATIONS = YES;
				CLANG_WARN_DIRECT_OBJC_ISA_USAGE = YES_ERROR;
				CLANG_WARN_DOCUMENTATION_COMMENTS = YES;
				CLANG_WARN_EMPTY_BODY = YES;
				CLANG_WARN_ENUM_CONVERSION = YES;
				CLANG_WARN_INFINITE_RECURSION = YES;
				CLANG_WARN_INT_CONVERSION = YES;
				CLANG_WARN_NON_LITERAL_NULL_CONVERSION = YES;
				CLANG_WARN_OBJC_IMPLICIT_RETAIN_SELF = YES;
				CLANG_WARN_OBJC_LITERAL_CONVERSION = YES;
				CLANG_WARN_OBJC_ROOT_CLASS = YES_ERROR;
				CLANG_WARN_QUOTED_INCLUDE_IN_FRAMEWORK_HEADER = YES;
				CLANG_WARN_RANGE_LOOP_ANALYSIS = YES;
				CLANG_WARN_STRICT_PROTOTYPES = YES;
				CLANG_WARN_SUSPICIOUS_MOVE = YES;
				CLANG_WARN_UNGUARDED_AVAILABILITY = YES_AGGRESSIVE;
				CLANG_WARN_UNREACHABLE_CODE = YES;
				CLANG_WARN__DUPLICATE_METHOD_MATCH = YES;
				COPY_PHASE_STRIP = NO;
				DEBUG_INFORMATION_FORMAT = dwarf;
				DEVELOPMENT_TEAM = FDKGBRDG44;
				ENABLE_STRICT_OBJC_MSGSEND = YES;
				ENABLE_TESTABILITY = YES;
				ENABLE_USER_SCRIPT_SANDBOXING = YES;
				GCC_C_LANGUAGE_STANDARD = gnu17;
				GCC_DYNAMIC_NO_PIC = NO;
				GCC_NO_COMMON_BLOCKS = YES;
				GCC_OPTIMIZATION_LEVEL = 0;
				GCC_PREPROCESSOR_DEFINITIONS = (
					"DEBUG=1",
					"$(inherited)",
				);
				GCC_WARN_64_TO_32_BIT_CONVERSION = YES;
				GCC_WARN_ABOUT_RETURN_TYPE = YES_ERROR;
				GCC_WARN_UNDECLARED_SELECTOR = YES;
				GCC_WARN_UNINITIALIZED_AUTOS = YES_AGGRESSIVE;
				GCC_WARN_UNUSED_FUNCTION = YES;
				GCC_WARN_UNUSED_VARIABLE = YES;
				IPHONEOS_DEPLOYMENT_TARGET = 18.5;
				LOCALIZATION_PREFERS_STRING_CATALOGS = YES;
				MTL_ENABLE_DEBUG_INFO = INCLUDE_SOURCE;
				MTL_FAST_MATH = YES;
				ONLY_ACTIVE_ARCH = YES;
				SDKROOT = iphoneos;
				SWIFT_ACTIVE_COMPILATION_CONDITIONS = "DEBUG $(inherited)";
				SWIFT_OPTIMIZATION_LEVEL = "-Onone";
			};
			name = Debug;
		};
		8462275F2E17EB7700AFAB43 /* Release */ = {
			isa = XCBuildConfiguration;
			buildSettings = {
				ALWAYS_SEARCH_USER_PATHS = NO;
				ASSETCATALOG_COMPILER_GENERATE_SWIFT_ASSET_SYMBOL_EXTENSIONS = YES;
				CLANG_ANALYZER_NONNULL = YES;
				CLANG_ANALYZER_NUMBER_OBJECT_CONVERSION = YES_AGGRESSIVE;
				CLANG_CXX_LANGUAGE_STANDARD = "gnu++20";
				CLANG_ENABLE_MODULES = YES;
				CLANG_ENABLE_OBJC_ARC = YES;
				CLANG_ENABLE_OBJC_WEAK = YES;
				CLANG_WARN_BLOCK_CAPTURE_AUTORELEASING = YES;
				CLANG_WARN_BOOL_CONVERSION = YES;
				CLANG_WARN_COMMA = YES;
				CLANG_WARN_CONSTANT_CONVERSION = YES;
				CLANG_WARN_DEPRECATED_OBJC_IMPLEMENTATIONS = YES;
				CLANG_WARN_DIRECT_OBJC_ISA_USAGE = YES_ERROR;
				CLANG_WARN_DOCUMENTATION_COMMENTS = YES;
				CLANG_WARN_EMPTY_BODY = YES;
				CLANG_WARN_ENUM_CONVERSION = YES;
				CLANG_WARN_INFINITE_RECURSION = YES;
				CLANG_WARN_INT_CONVERSION = YES;
				CLANG_WARN_NON_LITERAL_NULL_CONVERSION = YES;
				CLANG_WARN_OBJC_IMPLICIT_RETAIN_SELF = YES;
				CLANG_WARN_OBJC_LITERAL_CONVERSION = YES;
				CLANG_WARN_OBJC_ROOT_CLASS = YES_ERROR;
				CLANG_WARN_QUOTED_INCLUDE_IN_FRAMEWORK_HEADER = YES;
				CLANG_WARN_RANGE_LOOP_ANALYSIS = YES;
				CLANG_WARN_STRICT_PROTOTYPES = YES;
				CLANG_WARN_SUSPICIOUS_MOVE = YES;
				CLANG_WARN_UNGUARDED_AVAILABILITY = YES_AGGRESSIVE;
				CLANG_WARN_UNREACHABLE_CODE = YES;
				CLANG_WARN__DUPLICATE_METHOD_MATCH = YES;
				COPY_PHASE_STRIP = NO;
				DEBUG_INFORMATION_FORMAT = "dwarf-with-dsym";
				DEVELOPMENT_TEAM = FDKGBRDG44;
				ENABLE_NS_ASSERTIONS = NO;
				ENABLE_STRICT_OBJC_MSGSEND = YES;
				ENABLE_USER_SCRIPT_SANDBOXING = YES;
				GCC_C_LANGUAGE_STANDARD = gnu17;
				GCC_NO_COMMON_BLOCKS = YES;
				GCC_WARN_64_TO_32_BIT_CONVERSION = YES;
				GCC_WARN_ABOUT_RETURN_TYPE = YES_ERROR;
				GCC_WARN_UNDECLARED_SELECTOR = YES;
				GCC_WARN_UNINITIALIZED_AUTOS = YES_AGGRESSIVE;
				GCC_WARN_UNUSED_FUNCTION = YES;
				GCC_WARN_UNUSED_VARIABLE = YES;
				IPHONEOS_DEPLOYMENT_TARGET = 18.5;
				LOCALIZATION_PREFERS_STRING_CATALOGS = YES;
				MTL_ENABLE_DEBUG_INFO = NO;
				MTL_FAST_MATH = YES;
				SDKROOT = iphoneos;
				SWIFT_COMPILATION_MODE = wholemodule;
				VALIDATE_PRODUCT = YES;
			};
			name = Release;
		};
		846227612E17EB7700AFAB43 /* Debug */ = {
			isa = XCBuildConfiguration;
			buildSettings = {
				ASSETCATALOG_COMPILER_APPICON_NAME = AppIcon;
				ASSETCATALOG_COMPILER_GLOBAL_ACCENT_COLOR_NAME = AccentColor;
				CODE_SIGN_STYLE = Automatic;
				CURRENT_PROJECT_VERSION = 1;
				DEVELOPMENT_TEAM = FDKGBRDG44;
				ENABLE_PREVIEWS = YES;
				GENERATE_INFOPLIST_FILE = YES;
				INFOPLIST_KEY_NSFaceIDUsageDescription = "This app uses Face ID to secure your journal.";
				INFOPLIST_KEY_UIApplicationSceneManifest_Generation = YES;
				INFOPLIST_KEY_UIApplicationSupportsIndirectInputEvents = YES;
				INFOPLIST_KEY_UILaunchScreen_Generation = YES;
				INFOPLIST_KEY_UISupportedInterfaceOrientations_iPad = "UIInterfaceOrientationPortrait UIInterfaceOrientationPortraitUpsideDown UIInterfaceOrientationLandscapeLeft UIInterfaceOrientationLandscapeRight";
				INFOPLIST_KEY_UISupportedInterfaceOrientations_iPhone = "UIInterfaceOrientationPortrait UIInterfaceOrientationLandscapeLeft UIInterfaceOrientationLandscapeRight";
				LD_RUNPATH_SEARCH_PATHS = (
					"$(inherited)",
					"@executable_path/Frameworks",
				);
				MARKETING_VERSION = 1.0;
				PRODUCT_BUNDLE_IDENTIFIER = "test.Journal-Replica";
				PRODUCT_NAME = "$(TARGET_NAME)";
				SWIFT_EMIT_LOC_STRINGS = YES;
				SWIFT_VERSION = 5.0;
				TARGETED_DEVICE_FAMILY = "1,2";
			};
			name = Debug;
		};
		846227622E17EB7700AFAB43 /* Release */ = {
			isa = XCBuildConfiguration;
			buildSettings = {
				ASSETCATALOG_COMPILER_APPICON_NAME = AppIcon;
				ASSETCATALOG_COMPILER_GLOBAL_ACCENT_COLOR_NAME = AccentColor;
				CODE_SIGN_STYLE = Automatic;
				CURRENT_PROJECT_VERSION = 1;
				DEVELOPMENT_TEAM = FDKGBRDG44;
				ENABLE_PREVIEWS = YES;
				GENERATE_INFOPLIST_FILE = YES;
				INFOPLIST_KEY_NSFaceIDUsageDescription = "This app uses Face ID to secure your journal.";
				INFOPLIST_KEY_UIApplicationSceneManifest_Generation = YES;
				INFOPLIST_KEY_UIApplicationSupportsIndirectInputEvents = YES;
				INFOPLIST_KEY_UILaunchScreen_Generation = YES;
				INFOPLIST_KEY_UISupportedInterfaceOrientations_iPad = "UIInterfaceOrientationPortrait UIInterfaceOrientationPortraitUpsideDown UIInterfaceOrientationLandscapeLeft UIInterfaceOrientationLandscapeRight";
				INFOPLIST_KEY_UISupportedInterfaceOrientations_iPhone = "UIInterfaceOrientationPortrait UIInterfaceOrientationLandscapeLeft UIInterfaceOrientationLandscapeRight";
				LD_RUNPATH_SEARCH_PATHS = (
					"$(inherited)",
					"@executable_path/Frameworks",
				);
				MARKETING_VERSION = 1.0;
				PRODUCT_BUNDLE_IDENTIFIER = "test.Journal-Replica";
				PRODUCT_NAME = "$(TARGET_NAME)";
				SWIFT_EMIT_LOC_STRINGS = YES;
				SWIFT_VERSION = 5.0;
				TARGETED_DEVICE_FAMILY = "1,2";
			};
			name = Release;
		};
		846227642E17EB7700AFAB43 /* Debug */ = {
			isa = XCBuildConfiguration;
			buildSettings = {
				BUNDLE_LOADER = "$(TEST_HOST)";
				CODE_SIGN_STYLE = Automatic;
				CURRENT_PROJECT_VERSION = 1;
				DEVELOPMENT_TEAM = FDKGBRDG44;
				GENERATE_INFOPLIST_FILE = YES;
				IPHONEOS_DEPLOYMENT_TARGET = 18.5;
				MARKETING_VERSION = 1.0;
				PRODUCT_BUNDLE_IDENTIFIER = "test.Journal-ReplicaTests";
				PRODUCT_NAME = "$(TARGET_NAME)";
				SWIFT_EMIT_LOC_STRINGS = NO;
				SWIFT_VERSION = 5.0;
				TARGETED_DEVICE_FAMILY = "1,2";
				TEST_HOST = "$(BUILT_PRODUCTS_DIR)/Journal Replica.app/$(BUNDLE_EXECUTABLE_FOLDER_PATH)/Journal Replica";
			};
			name = Debug;
		};
		846227652E17EB7700AFAB43 /* Release */ = {
			isa = XCBuildConfiguration;
			buildSettings = {
				BUNDLE_LOADER = "$(TEST_HOST)";
				CODE_SIGN_STYLE = Automatic;
				CURRENT_PROJECT_VERSION = 1;
				DEVELOPMENT_TEAM = FDKGBRDG44;
				GENERATE_INFOPLIST_FILE = YES;
				IPHONEOS_DEPLOYMENT_TARGET = 18.5;
				MARKETING_VERSION = 1.0;
				PRODUCT_BUNDLE_IDENTIFIER = "test.Journal-ReplicaTests";
				PRODUCT_NAME = "$(TARGET_NAME)";
				SWIFT_EMIT_LOC_STRINGS = NO;
				SWIFT_VERSION = 5.0;
				TARGETED_DEVICE_FAMILY = "1,2";
				TEST_HOST = "$(BUILT_PRODUCTS_DIR)/Journal Replica.app/$(BUNDLE_EXECUTABLE_FOLDER_PATH)/Journal Replica";
			};
			name = Release;
		};
		846227672E17EB7700AFAB43 /* Debug */ = {
			isa = XCBuildConfiguration;
			buildSettings = {
				CODE_SIGN_STYLE = Automatic;
				CURRENT_PROJECT_VERSION = 1;
				DEVELOPMENT_TEAM = FDKGBRDG44;
				GENERATE_INFOPLIST_FILE = YES;
				MARKETING_VERSION = 1.0;
				PRODUCT_BUNDLE_IDENTIFIER = "test.Journal-ReplicaUITests";
				PRODUCT_NAME = "$(TARGET_NAME)";
				SWIFT_EMIT_LOC_STRINGS = NO;
				SWIFT_VERSION = 5.0;
				TARGETED_DEVICE_FAMILY = "1,2";
				TEST_TARGET_NAME = "Journal Replica";
			};
			name = Debug;
		};
		846227682E17EB7700AFAB43 /* Release */ = {
			isa = XCBuildConfiguration;
			buildSettings = {
				CODE_SIGN_STYLE = Automatic;
				CURRENT_PROJECT_VERSION = 1;
				DEVELOPMENT_TEAM = FDKGBRDG44;
				GENERATE_INFOPLIST_FILE = YES;
				MARKETING_VERSION = 1.0;
				PRODUCT_BUNDLE_IDENTIFIER = "test.Journal-ReplicaUITests";
				PRODUCT_NAME = "$(TARGET_NAME)";
				SWIFT_EMIT_LOC_STRINGS = NO;
				SWIFT_VERSION = 5.0;
				TARGETED_DEVICE_FAMILY = "1,2";
				TEST_TARGET_NAME = "Journal Replica";
			};
			name = Release;
		};
/* End XCBuildConfiguration section */

/* Begin XCConfigurationList section */
		8462273A2E17EB7600AFAB43 /* Build configuration list for PBXProject "Journal Replica" */ = {
			isa = XCConfigurationList;
			buildConfigurations = (
				8462275E2E17EB7700AFAB43 /* Debug */,
				8462275F2E17EB7700AFAB43 /* Release */,
			);
			defaultConfigurationIsVisible = 0;
			defaultConfigurationName = Release;
		};
		846227602E17EB7700AFAB43 /* Build configuration list for PBXNativeTarget "Journal Replica" */ = {
			isa = XCConfigurationList;
			buildConfigurations = (
				846227612E17EB7700AFAB43 /* Debug */,
				846227622E17EB7700AFAB43 /* Release */,
			);
			defaultConfigurationIsVisible = 0;
			defaultConfigurationName = Release;
		};
		846227632E17EB7700AFAB43 /* Build configuration list for PBXNativeTarget "Journal ReplicaTests" */ = {
			isa = XCConfigurationList;
			buildConfigurations = (
				846227642E17EB7700AFAB43 /* Debug */,
				846227652E17EB7700AFAB43 /* Release */,
			);
			defaultConfigurationIsVisible = 0;
			defaultConfigurationName = Release;
		};
		846227662E17EB7700AFAB43 /* Build configuration list for PBXNativeTarget "Journal ReplicaUITests" */ = {
			isa = XCConfigurationList;
			buildConfigurations = (
				846227672E17EB7700AFAB43 /* Debug */,
				846227682E17EB7700AFAB43 /* Release */,
			);
			defaultConfigurationIsVisible = 0;
			defaultConfigurationName = Release;
		};
/* End XCConfigurationList section */
	};
	rootObject = 846227372E17EB7600AFAB43 /* Project object */;
}
